
Microsoft Visual Studio Solution File, Format Version 12.00
Project("{FAE04EC0-301F-11D3-BF4B-00C04F79EFBC}") = "Freelance", "Freelance\Freelance.csproj", "{D0A7B058-4556-470E-A8FB-FB0BB791CFDF}"
EndProject
Global
	GlobalSection(SolutionConfigurationPlatforms) = preSolution
		Debug|Any CPU = Debug|Any CPU
		Release|Any CPU = Release|Any CPU
	EndGlobalSection
	GlobalSection(ProjectConfigurationPlatforms) = postSolution
		{D0A7B058-4556-470E-A8FB-FB0BB791CFDF}.Debug|Any CPU.ActiveCfg = Debug|Any CPU
		{D0A7B058-4556-470E-A8FB-FB0BB791CFDF}.Debug|Any CPU.Build.0 = Debug|Any CPU
		{D0A7B058-4556-470E-A8FB-FB0BB791CFDF}.Release|Any CPU.ActiveCfg = Release|Any CPU
		{D0A7B058-4556-470E-A8FB-FB0BB791CFDF}.Release|Any CPU.Build.0 = Release|Any CPU
	EndGlobalSection
EndGlobal
